
Microsoft Visual Studio Solution File, Format Version 12.00
# Visual Studio 15
VisualStudioVersion = 15.0.26403.0
MinimumVisualStudioVersion = 10.0.40219.1
Project("{FAE04EC0-301F-11D3-BF4B-00C04F79EFBC}") = "MVC_TRaining", "MVC_TRaining\MVC_TRaining.csproj", "{467E66A8-93B8-42D6-8605-32A99A619E02}"
EndProject
Project("{FAE04EC0-301F-11D3-BF4B-00C04F79EFBC}") = "MVC_TRaining.Tests", "MVC_TRaining.Tests\MVC_TRaining.Tests.csproj", "{621E7F76-FED2-4073-948F-B5A3C8B2ABE1}"
EndProject
Global
	GlobalSection(SolutionConfigurationPlatforms) = preSolution
		Debug|Any CPU = Debug|Any CPU
		Release|Any CPU = Release|Any CPU
	EndGlobalSection
	GlobalSection(ProjectConfigurationPlatforms) = postSolution
		{467E66A8-93B8-42D6-8605-32A99A619E02}.Debug|Any CPU.ActiveCfg = Debug|Any CPU
		{467E66A8-93B8-42D6-8605-32A99A619E02}.Debug|Any CPU.Build.0 = Debug|Any CPU
		{467E66A8-93B8-42D6-8605-32A99A619E02}.Release|Any CPU.ActiveCfg = Release|Any CPU
		{467E66A8-93B8-42D6-8605-32A99A619E02}.Release|Any CPU.Build.0 = Release|Any CPU
		{621E7F76-FED2-4073-948F-B5A3C8B2ABE1}.Debug|Any CPU.ActiveCfg = Debug|Any CPU
		{621E7F76-FED2-4073-948F-B5A3C8B2ABE1}.Debug|Any CPU.Build.0 = Debug|Any CPU
		{621E7F76-FED2-4073-948F-B5A3C8B2ABE1}.Release|Any CPU.ActiveCfg = Release|Any CPU
		{621E7F76-FED2-4073-948F-B5A3C8B2ABE1}.Release|Any CPU.Build.0 = Release|Any CPU
	EndGlobalSection
	GlobalSection(SolutionProperties) = preSolution
		HideSolutionNode = FALSE
	EndGlobalSection
EndGlobal
